
Microsoft Visual Studio Solution File, Format Version 12.00
# Visual Studio 15
VisualStudioVersion = 15.0.28307.539
MinimumVisualStudioVersion = 10.0.40219.1
Project("{2150E333-8FDC-42A3-9474-1A3956D46DE8}") = "Solution Items", "Solution Items", "{D59C01CA-DA30-4142-9D50-7C3F331734B4}"
	ProjectSection(SolutionItems) = preProject
		employment.html = employment.html
		hobbies.html = hobbies.html
		index.html = index.html
		origins.html = origins.html
		styles.css = styles.css
	EndProjectSection
EndProject
Global
	GlobalSection(SolutionProperties) = preSolution
		HideSolutionNode = FALSE
	EndGlobalSection
	GlobalSection(ExtensibilityGlobals) = postSolution
		SolutionGuid = {4FA8E661-770C-445E-AB18-474AD9C5CD2F}
	EndGlobalSection
EndGlobal
